
Microsoft Visual Studio Solution File, Format Version 12.00
# Visual Studio Version 16
VisualStudioVersion = 16.0.28922.388
MinimumVisualStudioVersion = 10.0.40219.1
Project("{FAE04EC0-301F-11D3-BF4B-00C04F79EFBC}") = "UnZone.UWP", "UnZone\UnZone.UWP\UnZone.UWP.csproj", "{A5D50FD4-BEB3-4EDA-B2C9-5EE36CDC87AE}"
EndProject
Project("{FAE04EC0-301F-11D3-BF4B-00C04F79EFBC}") = "UnZone.Android", "UnZone\UnZone.Android\UnZone.Android.csproj", "{DD22D668-B8F0-4D22-BAC2-82670A4A9593}"
EndProject
Project("{FAE04EC0-301F-11D3-BF4B-00C04F79EFBC}") = "UnZone.iOS", "UnZone\UnZone.iOS\UnZone.iOS.csproj", "{CEA9329C-9BCE-467A-842B-4FB9488F7C94}"
EndProject
Project("{FAE04EC0-301F-11D3-BF4B-00C04F79EFBC}") = "UnZone", "UnZone\UnZone\UnZone.csproj", "{27A27F0E-E279-406E-861F-B2C9D07BDFB6}"
EndProject
Global
	GlobalSection(SolutionConfigurationPlatforms) = preSolution
		Debug|Any CPU = Debug|Any CPU
		Debug|ARM = Debug|ARM
		Debug|iPhone = Debug|iPhone
		Debug|iPhoneSimulator = Debug|iPhoneSimulator
		Debug|x64 = Debug|x64
		Debug|x86 = Debug|x86
		Release|Any CPU = Release|Any CPU
		Release|ARM = Release|ARM
		Release|iPhone = Release|iPhone
		Release|iPhoneSimulator = Release|iPhoneSimulator
		Release|x64 = Release|x64
		Release|x86 = Release|x86
	EndGlobalSection
	GlobalSection(ProjectConfigurationPlatforms) = postSolution
		{A5D50FD4-BEB3-4EDA-B2C9-5EE36CDC87AE}.Debug|Any CPU.ActiveCfg = Debug|x86
		{A5D50FD4-BEB3-4EDA-B2C9-5EE36CDC87AE}.Debug|Any CPU.Build.0 = Debug|x86
		{A5D50FD4-BEB3-4EDA-B2C9-5EE36CDC87AE}.Debug|Any CPU.Deploy.0 = Debug|x86
		{A5D50FD4-BEB3-4EDA-B2C9-5EE36CDC87AE}.Debug|ARM.ActiveCfg = Debug|ARM
		{A5D50FD4-BEB3-4EDA-B2C9-5EE36CDC87AE}.Debug|ARM.Build.0 = Debug|ARM
		{A5D50FD4-BEB3-4EDA-B2C9-5EE36CDC87AE}.Debug|ARM.Deploy.0 = Debug|ARM
		{A5D50FD4-BEB3-4EDA-B2C9-5EE36CDC87AE}.Debug|iPhone.ActiveCfg = Debug|x86
		{A5D50FD4-BEB3-4EDA-B2C9-5EE36CDC87AE}.Debug|iPhone.Build.0 = Debug|x86
		{A5D50FD4-BEB3-4EDA-B2C9-5EE36CDC87AE}.Debug|iPhone.Deploy.0 = Debug|x86
		{A5D50FD4-BEB3-4EDA-B2C9-5EE36CDC87AE}.Debug|iPhoneSimulator.ActiveCfg = Debug|x86
		{A5D50FD4-BEB3-4EDA-B2C9-5EE36CDC87AE}.Debug|iPhoneSimulator.Build.0 = Debug|x86
		{A5D50FD4-BEB3-4EDA-B2C9-5EE36CDC87AE}.Debug|iPhoneSimulator.Deploy.0 = Debug|x86
		{A5D50FD4-BEB3-4EDA-B2C9-5EE36CDC87AE}.Debug|x64.ActiveCfg = Debug|x64
		{A5D50FD4-BEB3-4EDA-B2C9-5EE36CDC87AE}.Debug|x64.Build.0 = Debug|x64
		{A5D50FD4-BEB3-4EDA-B2C9-5EE36CDC87AE}.Debug|x64.Deploy.0 = Debug|x64
		{A5D50FD4-BEB3-4EDA-B2C9-5EE36CDC87AE}.Debug|x86.ActiveCfg = Debug|x86
		{A5D50FD4-BEB3-4EDA-B2C9-5EE36CDC87AE}.Debug|x86.Build.0 = Debug|x86
		{A5D50FD4-BEB3-4EDA-B2C9-5EE36CDC87AE}.Debug|x86.Deploy.0 = Debug|x86
		{A5D50FD4-BEB3-4EDA-B2C9-5EE36CDC87AE}.Release|Any CPU.ActiveCfg = Release|x86
		{A5D50FD4-BEB3-4EDA-B2C9-5EE36CDC87AE}.Release|Any CPU.Build.0 = Release|x86
		{A5D50FD4-BEB3-4EDA-B2C9-5EE36CDC87AE}.Release|Any CPU.Deploy.0 = Release|x86
		{A5D50FD4-BEB3-4EDA-B2C9-5EE36CDC87AE}.Release|ARM.ActiveCfg = Release|ARM
		{A5D50FD4-BEB3-4EDA-B2C9-5EE36CDC87AE}.Release|ARM.Build.0 = Release|ARM
		{A5D50FD4-BEB3-4EDA-B2C9-5EE36CDC87AE}.Release|ARM.Deploy.0 = Release|ARM
		{A5D50FD4-BEB3-4EDA-B2C9-5EE36CDC87AE}.Release|iPhone.ActiveCfg = Release|x86
		{A5D50FD4-BEB3-4EDA-B2C9-5EE36CDC87AE}.Release|iPhone.Build.0 = Release|x86
		{A5D50FD4-BEB3-4EDA-B2C9-5EE36CDC87AE}.Release|iPhone.Deploy.0 = Release|x86
		{A5D50FD4-BEB3-4EDA-B2C9-5EE36CDC87AE}.Release|iPhoneSimulator.ActiveCfg = Release|x86
		{A5D50FD4-BEB3-4EDA-B2C9-5EE36CDC87AE}.Release|iPhoneSimulator.Build.0 = Release|x86
		{A5D50FD4-BEB3-4EDA-B2C9-5EE36CDC87AE}.Release|iPhoneSimulator.Deploy.0 = Release|x86
		{A5D50FD4-BEB3-4EDA-B2C9-5EE36CDC87AE}.Release|x64.ActiveCfg = Release|x64
		{A5D50FD4-BEB3-4EDA-B2C9-5EE36CDC87AE}.Release|x64.Build.0 = Release|x64
		{A5D50FD4-BEB3-4EDA-B2C9-5EE36CDC87AE}.Release|x64.Deploy.0 = Release|x64
		{A5D50FD4-BEB3-4EDA-B2C9-5EE36CDC87AE}.Release|x86.ActiveCfg = Release|x86
		{A5D50FD4-BEB3-4EDA-B2C9-5EE36CDC87AE}.Release|x86.Build.0 = Release|x86
		{A5D50FD4-BEB3-4EDA-B2C9-5EE36CDC87AE}.Release|x86.Deploy.0 = Release|x86
		{DD22D668-B8F0-4D22-BAC2-82670A4A9593}.Debug|Any CPU.ActiveCfg = Debug|Any CPU
		{DD22D668-B8F0-4D22-BAC2-82670A4A9593}.Debug|Any CPU.Build.0 = Debug|Any CPU
		{DD22D668-B8F0-4D22-BAC2-82670A4A9593}.Debug|Any CPU.Deploy.0 = Debug|Any CPU
		{DD22D668-B8F0-4D22-BAC2-82670A4A9593}.Debug|ARM.ActiveCfg = Debug|Any CPU
		{DD22D668-B8F0-4D22-BAC2-82670A4A9593}.Debug|ARM.Build.0 = Debug|Any CPU
		{DD22D668-B8F0-4D22-BAC2-82670A4A9593}.Debug|ARM.Deploy.0 = Debug|Any CPU
		{DD22D668-B8F0-4D22-BAC2-82670A4A9593}.Debug|iPhone.ActiveCfg = Debug|Any CPU
		{DD22D668-B8F0-4D22-BAC2-82670A4A9593}.Debug|iPhone.Build.0 = Debug|Any CPU
		{DD22D668-B8F0-4D22-BAC2-82670A4A9593}.Debug|iPhone.Deploy.0 = Debug|Any CPU
		{DD22D668-B8F0-4D22-BAC2-82670A4A9593}.Debug|iPhoneSimulator.ActiveCfg = Debug|Any CPU
		{DD22D668-B8F0-4D22-BAC2-82670A4A9593}.Debug|iPhoneSimulator.Build.0 = Debug|Any CPU
		{DD22D668-B8F0-4D22-BAC2-82670A4A9593}.Debug|iPhoneSimulator.Deploy.0 = Debug|Any CPU
		{DD22D668-B8F0-4D22-BAC2-82670A4A9593}.Debug|x64.ActiveCfg = Debug|Any CPU
		{DD22D668-B8F0-4D22-BAC2-82670A4A9593}.Debug|x64.Build.0 = Debug|Any CPU
		{DD22D668-B8F0-4D22-BAC2-82670A4A9593}.Debug|x64.Deploy.0 = Debug|Any CPU
		{DD22D668-B8F0-4D22-BAC2-82670A4A9593}.Debug|x86.ActiveCfg = Debug|Any CPU
		{DD22D668-B8F0-4D22-BAC2-82670A4A9593}.Debug|x86.Build.0 = Debug|Any CPU
		{DD22D668-B8F0-4D22-BAC2-82670A4A9593}.Debug|x86.Deploy.0 = Debug|Any CPU
		{DD22D668-B8F0-4D22-BAC2-82670A4A9593}.Release|Any CPU.ActiveCfg = Release|Any CPU
		{DD22D668-B8F0-4D22-BAC2-82670A4A9593}.Release|Any CPU.Build.0 = Release|Any CPU
		{DD22D668-B8F0-4D22-BAC2-82670A4A9593}.Release|Any CPU.Deploy.0 = Release|Any CPU
		{DD22D668-B8F0-4D22-BAC2-82670A4A9593}.Release|ARM.ActiveCfg = Release|Any CPU
		{DD22D668-B8F0-4D22-BAC2-82670A4A9593}.Release|ARM.Build.0 = Release|Any CPU
		{DD22D668-B8F0-4D22-BAC2-82670A4A9593}.Release|ARM.Deploy.0 = Release|Any CPU
		{DD22D668-B8F0-4D22-BAC2-82670A4A9593}.Release|iPhone.ActiveCfg = Release|Any CPU
		{DD22D668-B8F0-4D22-BAC2-82670A4A9593}.Release|iPhone.Build.0 = Release|Any CPU
		{DD22D668-B8F0-4D22-BAC2-82670A4A9593}.Release|iPhone.Deploy.0 = Release|Any CPU
		{DD22D668-B8F0-4D22-BAC2-82670A4A9593}.Release|iPhoneSimulator.ActiveCfg = Release|Any CPU
		{DD22D668-B8F0-4D22-BAC2-82670A4A9593}.Release|iPhoneSimulator.Build.0 = Release|Any CPU
		{DD22D668-B8F0-4D22-BAC2-82670A4A9593}.Release|iPhoneSimulator.Deploy.0 = Release|Any CPU
		{DD22D668-B8F0-4D22-BAC2-82670A4A9593}.Release|x64.ActiveCfg = Release|Any CPU
		{DD22D668-B8F0-4D22-BAC2-82670A4A9593}.Release|x64.Build.0 = Release|Any CPU
		{DD22D668-B8F0-4D22-BAC2-82670A4A9593}.Release|x64.Deploy.0 = Release|Any CPU
		{DD22D668-B8F0-4D22-BAC2-82670A4A9593}.Release|x86.ActiveCfg = Release|Any CPU
		{DD22D668-B8F0-4D22-BAC2-82670A4A9593}.Release|x86.Build.0 = Release|Any CPU
		{DD22D668-B8F0-4D22-BAC2-82670A4A9593}.Release|x86.Deploy.0 = Release|Any CPU
		{CEA9329C-9BCE-467A-842B-4FB9488F7C94}.Debug|Any CPU.ActiveCfg = Debug|iPhone
		{CEA9329C-9BCE-467A-842B-4FB9488F7C94}.Debug|Any CPU.Build.0 = Debug|iPhone
		{CEA9329C-9BCE-467A-842B-4FB9488F7C94}.Debug|Any CPU.Deploy.0 = Debug|iPhone
		{CEA9329C-9BCE-467A-842B-4FB9488F7C94}.Debug|ARM.ActiveCfg = Debug|iPhoneSimulator
		{CEA9329C-9BCE-467A-842B-4FB9488F7C94}.Debug|ARM.Build.0 = Debug|iPhoneSimulator
		{CEA9329C-9BCE-467A-842B-4FB9488F7C94}.Debug|ARM.Deploy.0 = Debug|iPhoneSimulator
		{CEA9329C-9BCE-467A-842B-4FB9488F7C94}.Debug|iPhone.ActiveCfg = Debug|iPhone
		{CEA9329C-9BCE-467A-842B-4FB9488F7C94}.Debug|iPhone.Build.0 = Debug|iPhone
		{CEA9329C-9BCE-467A-842B-4FB9488F7C94}.Debug|iPhone.Deploy.0 = Debug|iPhone
		{CEA9329C-9BCE-467A-842B-4FB9488F7C94}.Debug|iPhoneSimulator.ActiveCfg = Debug|iPhoneSimulator
		{CEA9329C-9BCE-467A-842B-4FB9488F7C94}.Debug|iPhoneSimulator.Build.0 = Debug|iPhoneSimulator
		{CEA9329C-9BCE-467A-842B-4FB9488F7C94}.Debug|iPhoneSimulator.Deploy.0 = Debug|iPhoneSimulator
		{CEA9329C-9BCE-467A-842B-4FB9488F7C94}.Debug|x64.ActiveCfg = Debug|iPhone
		{CEA9329C-9BCE-467A-842B-4FB9488F7C94}.Debug|x64.Build.0 = Debug|iPhone
		{CEA9329C-9BCE-467A-842B-4FB9488F7C94}.Debug|x64.Deploy.0 = Debug|iPhone
		{CEA9329C-9BCE-467A-842B-4FB9488F7C94}.Debug|x86.ActiveCfg = Debug|iPhone
		{CEA9329C-9BCE-467A-842B-4FB9488F7C94}.Debug|x86.Build.0 = Debug|iPhone
		{CEA9329C-9BCE-467A-842B-4FB9488F7C94}.Debug|x86.Deploy.0 = Debug|iPhone
		{CEA9329C-9BCE-467A-842B-4FB9488F7C94}.Release|Any CPU.ActiveCfg = Release|iPhone
		{CEA9329C-9BCE-467A-842B-4FB9488F7C94}.Release|Any CPU.Build.0 = Release|iPhone
		{CEA9329C-9BCE-467A-842B-4FB9488F7C94}.Release|Any CPU.Deploy.0 = Release|iPhone
		{CEA9329C-9BCE-467A-842B-4FB9488F7C94}.Release|ARM.ActiveCfg = Release|iPhone
		{CEA9329C-9BCE-467A-842B-4FB9488F7C94}.Release|ARM.Build.0 = Release|iPhone
		{CEA9329C-9BCE-467A-842B-4FB9488F7C94}.Release|ARM.Deploy.0 = Release|iPhone
		{CEA9329C-9BCE-467A-842B-4FB9488F7C94}.Release|iPhone.ActiveCfg = Release|iPhone
		{CEA9329C-9BCE-467A-842B-4FB9488F7C94}.Release|iPhone.Build.0 = Release|iPhone
		{CEA9329C-9BCE-467A-842B-4FB9488F7C94}.Release|iPhone.Deploy.0 = Release|iPhone
		{CEA9329C-9BCE-467A-842B-4FB9488F7C94}.Release|iPhoneSimulator.ActiveCfg = Release|iPhoneSimulator
		{CEA9329C-9BCE-467A-842B-4FB9488F7C94}.Release|iPhoneSimulator.Build.0 = Release|iPhoneSimulator
		{CEA9329C-9BCE-467A-842B-4FB9488F7C94}.Release|iPhoneSimulator.Deploy.0 = Release|iPhoneSimulator
		{CEA9329C-9BCE-467A-842B-4FB9488F7C94}.Release|x64.ActiveCfg = Release|iPhone
		{CEA9329C-9BCE-467A-842B-4FB9488F7C94}.Release|x64.Build.0 = Release|iPhone
		{CEA9329C-9BCE-467A-842B-4FB9488F7C94}.Release|x64.Deploy.0 = Release|iPhone
		{CEA9329C-9BCE-467A-842B-4FB9488F7C94}.Release|x86.ActiveCfg = Release|iPhone
		{CEA9329C-9BCE-467A-842B-4FB9488F7C94}.Release|x86.Build.0 = Release|iPhone
		{CEA9329C-9BCE-467A-842B-4FB9488F7C94}.Release|x86.Deploy.0 = Release|iPhone
		{27A27F0E-E279-406E-861F-B2C9D07BDFB6}.Debug|Any CPU.ActiveCfg = Debug|Any CPU
		{27A27F0E-E279-406E-861F-B2C9D07BDFB6}.Debug|Any CPU.Build.0 = Debug|Any CPU
		{27A27F0E-E279-406E-861F-B2C9D07BDFB6}.Debug|Any CPU.Deploy.0 = Debug|Any CPU
		{27A27F0E-E279-406E-861F-B2C9D07BDFB6}.Debug|ARM.ActiveCfg = Debug|Any CPU
		{27A27F0E-E279-406E-861F-B2C9D07BDFB6}.Debug|ARM.Build.0 = Debug|Any CPU
		{27A27F0E-E279-406E-861F-B2C9D07BDFB6}.Debug|ARM.Deploy.0 = Debug|Any CPU
		{27A27F0E-E279-406E-861F-B2C9D07BDFB6}.Debug|iPhone.ActiveCfg = Debug|Any CPU
		{27A27F0E-E279-406E-861F-B2C9D07BDFB6}.Debug|iPhone.Build.0 = Debug|Any CPU
		{27A27F0E-E279-406E-861F-B2C9D07BDFB6}.Debug|iPhone.Deploy.0 = Debug|Any CPU
		{27A27F0E-E279-406E-861F-B2C9D07BDFB6}.Debug|iPhoneSimulator.ActiveCfg = Debug|Any CPU
		{27A27F0E-E279-406E-861F-B2C9D07BDFB6}.Debug|iPhoneSimulator.Build.0 = Debug|Any CPU
		{27A27F0E-E279-406E-861F-B2C9D07BDFB6}.Debug|iPhoneSimulator.Deploy.0 = Debug|Any CPU
		{27A27F0E-E279-406E-861F-B2C9D07BDFB6}.Debug|x64.ActiveCfg = Debug|Any CPU
		{27A27F0E-E279-406E-861F-B2C9D07BDFB6}.Debug|x64.Build.0 = Debug|Any CPU
		{27A27F0E-E279-406E-861F-B2C9D07BDFB6}.Debug|x64.Deploy.0 = Debug|Any CPU
		{27A27F0E-E279-406E-861F-B2C9D07BDFB6}.Debug|x86.ActiveCfg = Debug|Any CPU
		{27A27F0E-E279-406E-861F-B2C9D07BDFB6}.Debug|x86.Build.0 = Debug|Any CPU
		{27A27F0E-E279-406E-861F-B2C9D07BDFB6}.Debug|x86.Deploy.0 = Debug|Any CPU
		{27A27F0E-E279-406E-861F-B2C9D07BDFB6}.Release|Any CPU.ActiveCfg = Release|Any CPU
		{27A27F0E-E279-406E-861F-B2C9D07BDFB6}.Release|Any CPU.Build.0 = Release|Any CPU
		{27A27F0E-E279-406E-861F-B2C9D07BDFB6}.Release|Any CPU.Deploy.0 = Release|Any CPU
		{27A27F0E-E279-406E-861F-B2C9D07BDFB6}.Release|ARM.ActiveCfg = Release|Any CPU
		{27A27F0E-E279-406E-861F-B2C9D07BDFB6}.Release|ARM.Build.0 = Release|Any CPU
		{27A27F0E-E279-406E-861F-B2C9D07BDFB6}.Release|ARM.Deploy.0 = Release|Any CPU
		{27A27F0E-E279-406E-861F-B2C9D07BDFB6}.Release|iPhone.ActiveCfg = Release|Any CPU
		{27A27F0E-E279-406E-861F-B2C9D07BDFB6}.Release|iPhone.Build.0 = Release|Any CPU
		{27A27F0E-E279-406E-861F-B2C9D07BDFB6}.Release|iPhone.Deploy.0 = Release|Any CPU
		{27A27F0E-E279-406E-861F-B2C9D07BDFB6}.Release|iPhoneSimulator.ActiveCfg = Release|Any CPU
		{27A27F0E-E279-406E-861F-B2C9D07BDFB6}.Release|iPhoneSimulator.Build.0 = Release|Any CPU
		{27A27F0E-E279-406E-861F-B2C9D07BDFB6}.Release|iPhoneSimulator.Deploy.0 = Release|Any CPU
		{27A27F0E-E279-406E-861F-B2C9D07BDFB6}.Release|x64.ActiveCfg = Release|Any CPU
		{27A27F0E-E279-406E-861F-B2C9D07BDFB6}.Release|x64.Build.0 = Release|Any CPU
		{27A27F0E-E279-406E-861F-B2C9D07BDFB6}.Release|x64.Deploy.0 = Release|Any CPU
		{27A27F0E-E279-406E-861F-B2C9D07BDFB6}.Release|x86.ActiveCfg = Release|Any CPU
		{27A27F0E-E279-406E-861F-B2C9D07BDFB6}.Release|x86.Build.0 = Release|Any CPU
		{27A27F0E-E279-406E-861F-B2C9D07BDFB6}.Release|x86.Deploy.0 = Release|Any CPU
	EndGlobalSection
	GlobalSection(SolutionProperties) = preSolution
		HideSolutionNode = FALSE
	EndGlobalSection
	GlobalSection(ExtensibilityGlobals) = postSolution
		SolutionGuid = {DEBBC22D-B4AA-4B5E-9474-F134F7CF9CBB}
	EndGlobalSection
EndGlobal
